
Microsoft Visual Studio Solution File, Format Version 12.00
# Visual Studio Version 16
VisualStudioVersion = 16.0.31911.196
MinimumVisualStudioVersion = 10.0.40219.1
Project("{FAE04EC0-301F-11D3-BF4B-00C04F79EFBC}") = "Battle Boats", "Battle Boats\Battle Boats.csproj", "{52A7F60E-7AF3-4C05-A9FC-60C1FC8B8C6D}"
EndProject
Global
	GlobalSection(SolutionConfigurationPlatforms) = preSolution
		Debug|Any CPU = Debug|Any CPU
		Release|Any CPU = Release|Any CPU
	EndGlobalSection
	GlobalSection(ProjectConfigurationPlatforms) = postSolution
		{52A7F60E-7AF3-4C05-A9FC-60C1FC8B8C6D}.Debug|Any CPU.ActiveCfg = Debug|Any CPU
		{52A7F60E-7AF3-4C05-A9FC-60C1FC8B8C6D}.Debug|Any CPU.Build.0 = Debug|Any CPU
		{52A7F60E-7AF3-4C05-A9FC-60C1FC8B8C6D}.Release|Any CPU.ActiveCfg = Release|Any CPU
		{52A7F60E-7AF3-4C05-A9FC-60C1FC8B8C6D}.Release|Any CPU.Build.0 = Release|Any CPU
	EndGlobalSection
	GlobalSection(SolutionProperties) = preSolution
		HideSolutionNode = FALSE
	EndGlobalSection
	GlobalSection(ExtensibilityGlobals) = postSolution
		SolutionGuid = {4B85710B-A3D8-4513-8107-93818BE95F47}
	EndGlobalSection
EndGlobal
